
Microsoft Visual Studio Solution File, Format Version 12.00
# Visual Studio Version 16
VisualStudioVersion = 16.0.29306.81
MinimumVisualStudioVersion = 10.0.40219.1
Project("{FAE04EC0-301F-11D3-BF4B-00C04F79EFBC}") = "Lab10", "Lab10\Lab10.csproj", "{39DD9C09-2B36-4DA0-B4D6-76FE9E5DF514}"
EndProject
Global
	GlobalSection(SolutionConfigurationPlatforms) = preSolution
		Debug|Any CPU = Debug|Any CPU
		Release|Any CPU = Release|Any CPU
	EndGlobalSection
	GlobalSection(ProjectConfigurationPlatforms) = postSolution
		{39DD9C09-2B36-4DA0-B4D6-76FE9E5DF514}.Debug|Any CPU.ActiveCfg = Debug|Any CPU
		{39DD9C09-2B36-4DA0-B4D6-76FE9E5DF514}.Debug|Any CPU.Build.0 = Debug|Any CPU
		{39DD9C09-2B36-4DA0-B4D6-76FE9E5DF514}.Release|Any CPU.ActiveCfg = Release|Any CPU
		{39DD9C09-2B36-4DA0-B4D6-76FE9E5DF514}.Release|Any CPU.Build.0 = Release|Any CPU
	EndGlobalSection
	GlobalSection(SolutionProperties) = preSolution
		HideSolutionNode = FALSE
	EndGlobalSection
	GlobalSection(ExtensibilityGlobals) = postSolution
		SolutionGuid = {0B5CB3A5-174C-44C6-A5A5-EBAF2958FBA2}
	EndGlobalSection
EndGlobal
