
Microsoft Visual Studio Solution File, Format Version 12.00
# Visual Studio Version 16
VisualStudioVersion = 16.0.29306.81
MinimumVisualStudioVersion = 10.0.40219.1
Project("{FAE04EC0-301F-11D3-BF4B-00C04F79EFBC}") = "ConsoleApp3", "ConsoleApp3\ConsoleApp3.csproj", "{EEE088E7-89F5-40D7-9495-CF4774296656}"
EndProject
Project("{2150E333-8FDC-42A3-9474-1A3956D46DE8}") = "Solution Items", "Solution Items", "{68DA2962-AC5D-4406-8B06-BB72744E0293}"
	ProjectSection(SolutionItems) = preProject
		.gitignore = .gitignore
	EndProjectSection
EndProject
Global
	GlobalSection(SolutionConfigurationPlatforms) = preSolution
		Debug|Any CPU = Debug|Any CPU
		Release|Any CPU = Release|Any CPU
	EndGlobalSection
	GlobalSection(ProjectConfigurationPlatforms) = postSolution
		{EEE088E7-89F5-40D7-9495-CF4774296656}.Debug|Any CPU.ActiveCfg = Debug|Any CPU
		{EEE088E7-89F5-40D7-9495-CF4774296656}.Debug|Any CPU.Build.0 = Debug|Any CPU
		{EEE088E7-89F5-40D7-9495-CF4774296656}.Release|Any CPU.ActiveCfg = Release|Any CPU
		{EEE088E7-89F5-40D7-9495-CF4774296656}.Release|Any CPU.Build.0 = Release|Any CPU
	EndGlobalSection
	GlobalSection(SolutionProperties) = preSolution
		HideSolutionNode = FALSE
	EndGlobalSection
	GlobalSection(ExtensibilityGlobals) = postSolution
		SolutionGuid = {E7E997CD-C1B5-42AC-A76D-6163D0F8708E}
	EndGlobalSection
EndGlobal
