
Microsoft Visual Studio Solution File, Format Version 12.00
# Visual Studio Version 16
VisualStudioVersion = 16.0.29306.81
MinimumVisualStudioVersion = 10.0.40219.1
Project("{FAE04EC0-301F-11D3-BF4B-00C04F79EFBC}") = "Kolokw1_Poprawa", "Kolokw1_Poprawa\Kolokw1_Poprawa.csproj", "{ECFA82C9-77B7-438B-BEA3-DB0FD4E9654B}"
EndProject
Global
	GlobalSection(SolutionConfigurationPlatforms) = preSolution
		Debug|Any CPU = Debug|Any CPU
		Release|Any CPU = Release|Any CPU
	EndGlobalSection
	GlobalSection(ProjectConfigurationPlatforms) = postSolution
		{ECFA82C9-77B7-438B-BEA3-DB0FD4E9654B}.Debug|Any CPU.ActiveCfg = Debug|Any CPU
		{ECFA82C9-77B7-438B-BEA3-DB0FD4E9654B}.Debug|Any CPU.Build.0 = Debug|Any CPU
		{ECFA82C9-77B7-438B-BEA3-DB0FD4E9654B}.Release|Any CPU.ActiveCfg = Release|Any CPU
		{ECFA82C9-77B7-438B-BEA3-DB0FD4E9654B}.Release|Any CPU.Build.0 = Release|Any CPU
	EndGlobalSection
	GlobalSection(SolutionProperties) = preSolution
		HideSolutionNode = FALSE
	EndGlobalSection
	GlobalSection(ExtensibilityGlobals) = postSolution
		SolutionGuid = {10664681-490A-4626-A244-349C9DC61312}
	EndGlobalSection
EndGlobal
