
Microsoft Visual Studio Solution File, Format Version 12.00
# Visual Studio Version 16
VisualStudioVersion = 16.0.29306.81
MinimumVisualStudioVersion = 10.0.40219.1
Project("{FAE04EC0-301F-11D3-BF4B-00C04F79EFBC}") = "Lab12", "Lab12\Lab12.csproj", "{6F0E0DB7-2FB0-4D8A-AB4D-29036A1CAFCE}"
EndProject
Global
	GlobalSection(SolutionConfigurationPlatforms) = preSolution
		Debug|Any CPU = Debug|Any CPU
		Release|Any CPU = Release|Any CPU
	EndGlobalSection
	GlobalSection(ProjectConfigurationPlatforms) = postSolution
		{6F0E0DB7-2FB0-4D8A-AB4D-29036A1CAFCE}.Debug|Any CPU.ActiveCfg = Debug|Any CPU
		{6F0E0DB7-2FB0-4D8A-AB4D-29036A1CAFCE}.Debug|Any CPU.Build.0 = Debug|Any CPU
		{6F0E0DB7-2FB0-4D8A-AB4D-29036A1CAFCE}.Release|Any CPU.ActiveCfg = Release|Any CPU
		{6F0E0DB7-2FB0-4D8A-AB4D-29036A1CAFCE}.Release|Any CPU.Build.0 = Release|Any CPU
	EndGlobalSection
	GlobalSection(SolutionProperties) = preSolution
		HideSolutionNode = FALSE
	EndGlobalSection
	GlobalSection(ExtensibilityGlobals) = postSolution
		SolutionGuid = {9BD24D51-7AB0-4499-B098-5E71686B7696}
	EndGlobalSection
EndGlobal
