
Microsoft Visual Studio Solution File, Format Version 12.00
# Visual Studio Version 16
VisualStudioVersion = 16.0.29306.81
MinimumVisualStudioVersion = 10.0.40219.1
Project("{FAE04EC0-301F-11D3-BF4B-00C04F79EFBC}") = "Lab7", "Lab7\Lab7.csproj", "{B8B880DC-22E4-4C2E-8F4A-722C7BC516B3}"
EndProject
Global
	GlobalSection(SolutionConfigurationPlatforms) = preSolution
		Debug|Any CPU = Debug|Any CPU
		Release|Any CPU = Release|Any CPU
	EndGlobalSection
	GlobalSection(ProjectConfigurationPlatforms) = postSolution
		{B8B880DC-22E4-4C2E-8F4A-722C7BC516B3}.Debug|Any CPU.ActiveCfg = Debug|Any CPU
		{B8B880DC-22E4-4C2E-8F4A-722C7BC516B3}.Debug|Any CPU.Build.0 = Debug|Any CPU
		{B8B880DC-22E4-4C2E-8F4A-722C7BC516B3}.Release|Any CPU.ActiveCfg = Release|Any CPU
		{B8B880DC-22E4-4C2E-8F4A-722C7BC516B3}.Release|Any CPU.Build.0 = Release|Any CPU
	EndGlobalSection
	GlobalSection(SolutionProperties) = preSolution
		HideSolutionNode = FALSE
	EndGlobalSection
	GlobalSection(ExtensibilityGlobals) = postSolution
		SolutionGuid = {62F40A19-E46D-4349-9490-44203F5B7128}
	EndGlobalSection
EndGlobal
